
Microsoft Visual Studio Solution File, Format Version 12.00
# Visual Studio Version 17
VisualStudioVersion = 17.5.33530.505
MinimumVisualStudioVersion = 10.0.40219.1
Project("{9A19103F-16F7-4668-BE54-9A1E7A4F7556}") = "infeco", "infeco.csproj", "{CF0137F1-E985-406C-9FA5-A7E80C8F35C7}"
EndProject
Global
	GlobalSection(SolutionConfigurationPlatforms) = preSolution
		Debug|Any CPU = Debug|Any CPU
		Release|Any CPU = Release|Any CPU
	EndGlobalSection
	GlobalSection(ProjectConfigurationPlatforms) = postSolution
		{CF0137F1-E985-406C-9FA5-A7E80C8F35C7}.Debug|Any CPU.ActiveCfg = Debug|Any CPU
		{CF0137F1-E985-406C-9FA5-A7E80C8F35C7}.Debug|Any CPU.Build.0 = Debug|Any CPU
		{CF0137F1-E985-406C-9FA5-A7E80C8F35C7}.Release|Any CPU.ActiveCfg = Release|Any CPU
		{CF0137F1-E985-406C-9FA5-A7E80C8F35C7}.Release|Any CPU.Build.0 = Release|Any CPU
	EndGlobalSection
	GlobalSection(SolutionProperties) = preSolution
		HideSolutionNode = FALSE
	EndGlobalSection
	GlobalSection(ExtensibilityGlobals) = postSolution
		SolutionGuid = {BE6B990F-CFF6-427F-A43D-932BCA81C787}
	EndGlobalSection
EndGlobal
